dependencies:
  fission-kit: github.com/fission-suite/kit/6a20e9af963dd000903b1c6e64f9fbb2102ba472
  fission-sdk: 0.8.1
devDependencies:
  elm-tailwind-css: 0.1.1
  tailwindcss: 1.4.6
  tailwindcss-animations: 2.0.0
  terser-dir: 1.0.7
lockfileVersion: 5.1
packages:
  /@babel/code-frame/7.10.1:
    dependencies:
      '@babel/highlight': 7.10.1
    dev: true
    resolution:
      integrity: sha512-IGhtTmpjGbYzcEDOw7DcQtbQSXcG9ftmAXtWTu9V936vDye4xjjekktFAtgZsWpzTj/X01jocB46mTywm/4SZw==
  /@babel/helper-validator-identifier/7.10.1:
    dev: true
    resolution:
      integrity: sha512-5vW/JXLALhczRCWP0PnFDMCJAchlBvM7f4uk/jXritBnIa6E1KmqmtrS3yn1LAnxFBypQ3eneLuXjsnfQsgILw==
  /@babel/highlight/7.10.1:
    dependencies:
      '@babel/helper-validator-identifier': 7.10.1
      chalk: 2.4.2
      js-tokens: 4.0.0
    dev: true
    resolution:
      integrity: sha512-8rMof+gVP8mxYZApLF/JgNDAkdKa+aJt3ZYxF8z6+j/hpeXL7iMsKCPHa2jNMHu/qqBwzQF4OHNoYi8dMA/rYg==
  /@fullhuman/postcss-purgecss/2.2.0:
    dependencies:
      postcss: 7.0.28
      purgecss: 2.2.1
    dev: true
    resolution:
      integrity: sha512-q4zYAn8L9olA5uneaLhxkHRBoug9dnAqytbdX9R5dbzSORobhYr1yGR2JN3Q1UMd5RB0apm1NvJekHaymal/BQ==
  /@nodelib/fs.scandir/2.1.3:
    dependencies:
      '@nodelib/fs.stat': 2.0.3
      run-parallel: 1.1.9
    dev: true
    engines:
      node: '>= 8'
    resolution:
      integrity: sha512-eGmwYQn3gxo4r7jdQnkrrN6bY478C3P+a/y72IJukF8LjB6ZHeB3c+Ehacj3sYeSmUXGlnA67/PmbM9CVwL7Dw==
  /@nodelib/fs.stat/2.0.3:
    dev: true
    engines:
      node: '>= 8'
    resolution:
      integrity: sha512-bQBFruR2TAwoevBEd/NWMoAAtNGzTRgdrqnYCc7dhzfoNvqPzLyqlEQnzZ3kVnNrSp25iyxE00/3h2fqGAGArA==
  /@nodelib/fs.walk/1.2.4:
    dependencies:
      '@nodelib/fs.scandir': 2.1.3
      fastq: 1.8.0
    dev: true
    engines:
      node: '>= 8'
    resolution:
      integrity: sha512-1V9XOY4rDW0rehzbrcqAmHnz8e7SKvX27gh8Gt2WgB0+pdzdiLV83p72kZPU+jvMbS1qU5mauP2iOvO8rhmurQ==
  /@types/color-name/1.1.1:
    dev: true
    resolution:
      integrity: sha512-rr+OQyAjxze7GgWrSaJwydHStIhHq2lvY3BOC2Mj7KnzI7XK0Uw1TOOdI9lDoajEbSWLiYgoo4f1R51erQfhPQ==
  /@types/minimist/1.2.0:
    dev: true
    resolution:
      integrity: sha1-aaI6OtKcrwCX8G7aWbNh7i8GOfY=
  /@types/normalize-package-data/2.4.0:
    dev: true
    resolution:
      integrity: sha512-f5j5b/Gf71L+dbqxIpQ4Z2WlmI/mPJ0fOkGGmFgtb6sAu97EPczzbS3/tJKxmcYDj55OX6ssqwDAWOHIYDRDGA==
  /acorn-node/1.8.2:
    dependencies:
      acorn: 7.2.0
      acorn-walk: 7.1.1
      xtend: 4.0.2
    dev: true
    resolution:
      integrity: sha512-8mt+fslDufLYntIoPAaIMUe/lrbrehIiwmR3t2k9LljIzoigEPF27eLk2hy8zSGzmR/ogr7zbRKINMo1u0yh5A==
  /acorn-walk/7.1.1:
    dev: true
    engines:
      node: '>=0.4.0'
    resolution:
      integrity: sha512-wdlPY2tm/9XBr7QkKlq0WQVgiuGTX6YWPyRyBviSoScBuLfTVQhvwg6wJ369GJ/1nPfTLMfnrFIfjqVg6d+jQQ==
  /acorn/7.2.0:
    dev: true
    engines:
      node: '>=0.4.0'
    hasBin: true
    resolution:
      integrity: sha512-apwXVmYVpQ34m/i71vrApRrRKCWQnZZF1+npOD0WV5xZFfwWOmKGQ2RWlfdy9vWITsenisM8M0Qeq8agcFHNiQ==
  /ansi-styles/3.2.1:
    dependencies:
      color-convert: 1.9.3
    dev: true
    engines:
      node: '>=4'
    resolution:
      integrity: sha512-VT0ZI6kZRdTh8YyJw3SMbYm/u+NqfsAxEpWO0Pf9sq8/e94WxxOpPKx9FR1FlyCtOVDNOQ+8ntlqFxiRc+r5qA==
  /ansi-styles/4.2.1:
    dependencies:
      '@types/color-name': 1.1.1
      color-convert: 2.0.1
    dev: true
    engines:
      node: '>=8'
    resolution:
      integrity: sha512-9VGjrMsG1vePxcSweQsN20KY/c4zN0h9fLjqAbwbPfahM3t+NL+M9HC8xeXG2I8pX5NoamTGNuomEUFI7fcUjA==
  /array-union/2.1.0:
    dev: true
    engines:
      node: '>=8'
    resolution:
      integrity: sha512-HGyxoOTYUyCM6stUe6EJgnd4EoewAI7zMdfqO+kGjnlZmBDz/cR5pf8r/cR4Wq60sL/p0IkcjUEEPwS3GFrIyw==
  /arrify/1.0.1:
    dev: true
    engines:
      node: '>=0.10.0'
    resolution:
      integrity: sha1-iYUI2iIm84DfkEcoRWhJwVAaSw0=
  /arrify/2.0.1:
    dev: true
    engines:
      node: '>=8'
    resolution:
      integrity: sha512-3duEwti880xqi4eAMN8AyR4a0ByT90zoYdLlevfrvU43vb0YZwZVfxOgxWrLXXXpyugL0hNZc9G6BiB5B3nUug==
  /autoprefixer/9.7.6:
    dependencies:
      browserslist: 4.12.0
      caniuse-lite: 1.0.30001055
      chalk: 2.4.2
      normalize-range: 0.1.2
      num2fraction: 1.2.2
      postcss: 7.0.30
      postcss-value-parser: 4.1.0
    dev: true
    engines:
      node: '>=6.0.0'
    hasBin: true
    resolution:
      integrity: sha512-F7cYpbN7uVVhACZTeeIeealwdGM6wMtfWARVLTy5xmKtgVdBNJvbDRoCK3YO1orcs7gv/KwYlb3iXwu9Ug9BkQ==
  /balanced-match/1.0.0:
    dev: true
    resolution:
      integrity: sha1-ibTRmasr7kneFk6gK4nORi1xt2c=
  /base-x/3.0.8:
    dependencies:
      safe-buffer: 5.2.1
    dev: false
    resolution:
      integrity: sha512-Rl/1AWP4J/zRrk54hhlxH4drNxPJXYUaKffODVI53/dAsV4t9fBxyxYKAVPU1XBHxYwOWP9h9H0hM2MVw4YfJA==
  /base58-universal/1.0.0:
    dependencies:
      esm: 3.2.25
    dev: false
    engines:
      node: '>=8.3.0'
    resolution:
      integrity: sha512-v0Ja4jwaQP8gBZPNXpfaXlLht2ed/Gp3AsVUZXtlZgY1qbKS0CjxvYs43U0Gh00zbVc1neMe+q/ULJ7ubVyB+w==
  /base64-js/1.3.1:
    dev: false
    resolution:
      integrity: sha512-mLQ4i2QO1ytvGWFWmcngKO//JXAQueZvwEKtjgQFM4jIK0kU+ytMfplL8j+n5mspOfjHwoAg+9yhb7BwAHm36g==
  /bignumber.js/9.0.0:
    dev: false
    resolution:
      integrity: sha512-t/OYhhJ2SD+YGBQcjY8GzzDHEk9f3nerxjtfa6tlMXfe7frs/WozhvCNoGvpM0P3bNf3Gq5ZRMlGr5f3r4/N8A==
  /blakejs/1.1.0:
    dev: false
    resolution:
      integrity: sha1-ad+S75U6qIylGjLfarHFShVfx6U=
  /borc/2.1.2:
    dependencies:
      bignumber.js: 9.0.0
      buffer: 5.6.0
      commander: 2.20.3
      ieee754: 1.1.13
      iso-url: 0.4.7
      json-text-sequence: 0.1.1
      readable-stream: 3.6.0
    dev: false
    engines:
      node: '>=4'
    resolution:
      integrity: sha512-Sy9eoUi4OiKzq7VovMn246iTo17kzuyHJKomCfpWMlI6RpfN1gk95w7d7gH264nApVLg0HZfcpz62/g4VH1Y4w==
  /brace-expansion/1.1.11:
    dependencies:
      balanced-match: 1.0.0
      concat-map: 0.0.1
    dev: true
    resolution:
      integrity: sha512-iCuPHDFgrHX7H2vEI/5xpz07zSHB00TpugqhmYtVmMO6518mCuRMoOYFldEBl0g187ufozdaHgWKcYFb61qGiA==
  /braces/3.0.2:
    dependencies:
      fill-range: 7.0.1
    dev: true
    engines:
      node: '>=8'
    resolution:
      integrity: sha512-b8um+L1RzM3WDSzvhm6gIz1yfTbBt6YTlcEKAvsmqCZZFw46z626lVj9j1yEPW33H5H+lBQpZMP1k8l+78Ha0A==
  /browserslist/4.12.0:
    dependencies:
      caniuse-lite: 1.0.30001055
      electron-to-chromium: 1.3.435
      node-releases: 1.1.55
      pkg-up: 2.0.0
    dev: true
    hasBin: true
    resolution:
      integrity: sha512-UH2GkcEDSI0k/lRkuDSzFl9ZZ87skSy9w2XAn1MsZnL+4c4rqbBd3e82UWHbYDpztABrPBhZsTEeuxVfHppqDg==
  /buffer-from/1.1.1:
    dev: true
    resolution:
      integrity: sha512-MQcXEUbCKtEo7bhqEs6560Hyd4XaovZlO/k9V3hjVUF/zwW7KBVdSK4gIt/bzwS9MbR5qob+F5jusZsb0YQK2A==
  /buffer/5.6.0:
    dependencies:
      base64-js: 1.3.1
      ieee754: 1.1.13
    dev: false
    resolution:
      integrity: sha512-/gDYp/UtU0eA1ys8bOs9J6a+E/KWIY+DZ+Q2WESNUA0jFRsJOc0SNUO6xJ5SGA1xueg3NL65W6s+NY5l9cunuw==
  /bytes/3.1.0:
    dev: true
    engines:
      node: '>= 0.8'
    resolution:
      integrity: sha512-zauLjrfCG+xvoyaqLoV8bLVXXNGC4JqlxFCutSDWA6fJrTo2ZuvLYTqZ7aHBLZSMOopbzwv8f+wZcVzfVTI2Dg==
  /camelcase-css/2.0.1:
    dev: true
    engines:
      node: '>= 6'
    resolution:
      integrity: sha512-QOSvevhslijgYwRx6Rv7zKdMF8lbRmx+uQGx2+vDc+KI/eBnsy9kit5aj23AgGu3pa4t9AgwbnXWqS+iOY+2aA==
  /camelcase-keys/6.2.2:
    dependencies:
      camelcase: 5.3.1
      map-obj: 4.1.0
      quick-lru: 4.0.1
    dev: true
    engines:
      node: '>=8'
    resolution:
      integrity: sha512-YrwaA0vEKazPBkn0ipTiMpSajYDSe+KjQfrjhcBMxJt/znbvlHd8Pw/Vamaz5EB4Wfhs3SUR3Z9mwRu/P3s3Yg==
  /camelcase/5.3.1:
    dev: true
    engines:
      node: '>=6'
    resolution:
      integrity: sha512-L28STB170nwWS63UjtlEOE3dldQApaJXZkOI1uMFfzf3rRuPegHaHesyee+YxQ+W6SvRDQV6UrdOdRiR153wJg==
  /camelcase/6.0.0:
    dev: true
    engines:
      node: '>=10'
    resolution:
      integrity: sha512-8KMDF1Vz2gzOq54ONPJS65IvTUaB1cHJ2DMM7MbPmLZljDH1qpzzLsWdiN9pHh6qvkRVDTi/07+eNGch/oLU4w==
  /caniuse-lite/1.0.30001055:
    dev: true
    resolution:
      integrity: sha512-MbwsBmKrBSKIWldfdIagO5OJWZclpJtS4h0Jrk/4HFrXJxTdVdH23Fd+xCiHriVGvYcWyW8mR/CPsYajlH8Iuw==
  /chalk/2.4.2:
    dependencies:
      ansi-styles: 3.2.1
      escape-string-regexp: 1.0.5
      supports-color: 5.5.0
    dev: true
    engines:
      node: '>=4'
    resolution:
      integrity: sha512-Mti+f9lpJNcwF4tWV8/OrTTtF1gZi+f8FqlyAdouralcFWFQWF2+NgCHShjkCb+IFBLq9buZwE1xckQU4peSuQ==
  /chalk/4.0.0:
    dependencies:
      ansi-styles: 4.2.1
      supports-color: 7.1.0
    dev: true
    engines:
      node: '>=10'
    resolution:
      integrity: sha512-N9oWFcegS0sFr9oh1oz2d7Npos6vNoWW9HvtCg5N1KRFpUhaAhvTv5Y58g880fZaEYSNm3qDz8SU1UrGvp+n7A==
  /cids/0.8.0:
    dependencies:
      buffer: 5.6.0
      class-is: 1.1.0
      multibase: 0.7.0
      multicodec: 1.0.1
      multihashes: 0.4.19
    dev: false
    engines:
      node: '>=4.0.0'
      npm: '>=3.0.0'
    resolution:
      integrity: sha512-HdKURxtSOnww3H28CJU2TauIklEBsOn+ouGl2EOnSfVCVkH6+sWTj7to2D/BmuWvwzEy2+ZIKdcIwsXHJBQVew==
  /class-is/1.1.0:
    dev: false
    resolution:
      integrity: sha512-rhjH9AG1fvabIDoGRVH587413LPjTZgmDF9fOFCbFJQV4yuocX1mHxxvXI4g3cGwbVY9wAYIoKlg1N79frJKQw==
  /color-convert/1.9.3:
    dependencies:
      color-name: 1.1.3
    dev: true
    resolution:
      integrity: sha512-QfAUtd+vFdAtFQcC8CCyYt1fYWxSqAiK2cSD6zDB8N3cpsEBAvRxp9zOGg6G/SHHJYAT88/az/IuDGALsNVbGg==
  /color-convert/2.0.1:
    dependencies:
      color-name: 1.1.4
    dev: true
    engines:
      node: '>=7.0.0'
    resolution:
      integrity: sha512-RRECPsj7iu/xb5oKYcsFHSppFNnsj/52OVTRKb4zP5onXwVF3zVmmToNcOfGC+CRDpfK/U584fMg38ZHCaElKQ==
  /color-name/1.1.3:
    dev: true
    resolution:
      integrity: sha1-p9BVi9icQveV3UIyj3QIMcpTvCU=
  /color-name/1.1.4:
    dev: true
    resolution:
      integrity: sha512-dOy+3AuW3a2wNbZHIuMZpTcgjGuLU/uBL/ubcZF9OXbDo8ff4O8yVp5Bf0efS8uEoYo5q4Fx7dY9OgQGXgAsQA==
  /color-string/1.5.3:
    dependencies:
      color-name: 1.1.4
      simple-swizzle: 0.2.2
    dev: true
    resolution:
      integrity: sha512-dC2C5qeWoYkxki5UAXapdjqO672AM4vZuPGRQfO8b5HKuKGBbKWpITyDYN7TOFKvRW7kOgAn3746clDBMDJyQw==
  /color/3.1.2:
    dependencies:
      color-convert: 1.9.3
      color-string: 1.5.3
    dev: true
    resolution:
      integrity: sha512-vXTJhHebByxZn3lDvDJYw4lR5+uB3vuoHsuYA5AKuxRVn5wzzIfQKGLBmgdVRHKTJYeK5rvJcHnrd0Li49CFpg==
  /commander/2.20.3:
    resolution:
      integrity: sha512-GpVkmM8vF2vQUkj2LvZmD35JxeJOLCwJ9cUkugyk2nuhbv3+mJvpLYYt+0+USMxE+oj+ey/lJEnhZw75x/OMcQ==
  /commander/5.1.0:
    dev: true
    engines:
      node: '>= 6'
    resolution:
      integrity: sha512-P0CysNDQ7rtVw4QIQtm+MRxV66vKFSvlsQvGYXZWR3qFU0jlMKHZZZgw8e+8DSah4UDKMqnknRDQz+xuQXQ/Zg==
  /concat-map/0.0.1:
    dev: true
    resolution:
      integrity: sha1-2Klr13/Wjfd5OnMDajug1UBdR3s=
  /css-tree/1.0.0-alpha.39:
    dependencies:
      mdn-data: 2.0.6
      source-map: 0.6.1
    dev: true
    engines:
      node: '>=8.0.0'
    resolution:
      integrity: sha512-7UvkEYgBAHRG9Nt980lYxjsTrCyHFN53ky3wVsDkiMdVqylqRt+Zc+jm5qw7/qyOvN2dHSYtX0e4MbCCExSvnA==
  /css-unit-converter/1.1.1:
    dev: true
    resolution:
      integrity: sha1-2bkoGtz9jO2TW9urqDeGiX9k6ZY=
  /cssesc/3.0.0:
    dev: true
    engines:
      node: '>=4'
    hasBin: true
    resolution:
      integrity: sha512-/Tb/JcjK111nNScGob5MNtsntNM1aCNUDipB/TkwZFhyDrrE47SOx/18wF2bbjgc3ZzCSKW1T5nt5EbFoAz/Vg==
  /csso/4.0.3:
    dependencies:
      css-tree: 1.0.0-alpha.39
    dev: true
    engines:
      node: '>=8.0.0'
    resolution:
      integrity: sha512-NL3spysxUkcrOgnpsT4Xdl2aiEiBG6bXswAABQVHcMrfjjBisFOKwLDOmf4wf32aPdcJws1zds2B0Rg+jqMyHQ==
  /decamelize-keys/1.1.0:
    dependencies:
      decamelize: 1.2.0
      map-obj: 1.0.1
    dev: true
    engines:
      node: '>=0.10.0'
    resolution:
      integrity: sha1-0XGoeTMlKAfrPLYdwcFEXQeN8tk=
  /decamelize/1.2.0:
    dev: true
    engines:
      node: '>=0.10.0'
    resolution:
      integrity: sha1-9lNNFRSCabIDUue+4m9QH5oZEpA=
  /defined/1.0.0:
    dev: true
    resolution:
      integrity: sha1-yY2bzvdWdBiOEQlpFRGZ45sfppM=
  /delimit-stream/0.1.0:
    dev: false
    resolution:
      integrity: sha1-m4MZR3wOX4rrPONXrjBfwl6hzSs=
  /detective/5.2.0:
    dependencies:
      acorn-node: 1.8.2
      defined: 1.0.0
      minimist: 1.2.5
    dev: true
    engines:
      node: '>=0.8.0'
    hasBin: true
    resolution:
      integrity: sha512-6SsIx+nUUbuK0EthKjv0zrdnajCCXVYGmbYYiYjFVpzcjwEs/JMDZ8tPRG29J/HhN56t3GJp2cGSWDRjjot8Pg==
  /dir-glob/3.0.1:
    dependencies:
      path-type: 4.0.0
    dev: true
    engines:
      node: '>=8'
    resolution:
      integrity: sha512-WkrWp9GR4KXfKGYzOLmTuGVi1UWFfws377n9cc55/tb6DuqyF6pcQ5AbiHEshaDpY9v6oaSr2XCDidGmMwdzIA==
  /electron-to-chromium/1.3.435:
    dev: true
    resolution:
      integrity: sha512-BVXnq+NCefidU7GOFPx4CPBfPcccLCRBKZYSbvBJMSn2kwGD7ML+eUA9tqfHAumRqy3oX5zaeTI1Bpt7qVat0Q==
  /elm-tailwind-css/0.1.1:
    dependencies:
      '@fullhuman/postcss-purgecss': 2.2.0
      autoprefixer: 9.7.6
      meow: 7.0.1
      postcss: 7.0.30
      postcss-csso: 4.0.0_postcss@7.0.30
      postcss-elm-tailwind: 0.9.0
      tailwindcss: 1.4.6
    dev: true
    engines:
      node: '>=14'
    hasBin: true
    resolution:
      integrity: sha512-2zg/uCt/qVyfAPHHSBLCHsvyUQ8Ajw+Mv2LX+Tr6TV5oUFTYsljJId+TSkyRrMZEhbQtq587Ef5mblR12kTLIQ==
  /err-code/2.0.0:
    dev: false
    resolution:
      integrity: sha512-MsMOijQ4v0xlmrz1fc7lyPEy7jFhoNF7EVaRSP7mPzs20LaFOwG6qNjGRy3Ie85n9DARlcUnB1zbsBv5sJrIvw==
  /error-ex/1.3.2:
    dependencies:
      is-arrayish: 0.2.1
    dev: true
    resolution:
      integrity: sha512-7dFHNmqeFSEt2ZBsCriorKnn3Z2pj+fd9kmI6QoWw4//DL+icEBfc0U7qJCisqrTsKTjw4fNFy2pW9OqStD84g==
  /escape-string-regexp/1.0.5:
    dev: true
    engines:
      node: '>=0.8.0'
    resolution:
      integrity: sha1-G2HAViGQqN/2rjuyzwIAyhMLhtQ=
  /esm/3.2.25:
    dev: false
    engines:
      node: '>=6'
    resolution:
      integrity: sha512-U1suiZ2oDVWv4zPO56S0NcR5QriEahGtdN2OR6FiOG4WJvcjBVFB0qI4+eKoWFH483PKGuLuu6V8Z4T5g63UVA==
  /extend/3.0.2:
    dev: true
    resolution:
      integrity: sha512-fjquC59cD7CyW6urNXK0FBufkZcoiGG80wTuPujX590cB5Ttln20E2UB4S/WARVqhXffZl2LNgS+gQdPIIim/g==
  /fast-glob/3.2.2:
    dependencies:
      '@nodelib/fs.stat': 2.0.3
      '@nodelib/fs.walk': 1.2.4
      glob-parent: 5.1.1
      merge2: 1.4.1
      micromatch: 4.0.2
      picomatch: 2.2.2
    dev: true
    engines:
      node: '>=8'
    resolution:
      integrity: sha512-UDV82o4uQyljznxwMxyVRJgZZt3O5wENYojjzbaGEGZgeOxkLFf+V4cnUD+krzb2F72E18RhamkMZ7AdeggF7A==
  /fastq/1.8.0:
    dependencies:
      reusify: 1.0.4
    dev: true
    resolution:
      integrity: sha512-SMIZoZdLh/fgofivvIkmknUXyPnvxRE3DhtZ5Me3Mrsk5gyPL42F0xr51TdRXskBxHfMp+07bcYzfsYEsSQA9Q==
  /fill-range/7.0.1:
    dependencies:
      to-regex-range: 5.0.1
    dev: true
    engines:
      node: '>=8'
    resolution:
      integrity: sha512-qOo9F+dMUmC2Lcb4BbVvnKJxTPjCm+RRpe4gDuGrzkL7mEVl/djYSu2OdQ2Pa302N4oqkSg9ir6jaLWJ2USVpQ==
  /find-up/2.1.0:
    dependencies:
      locate-path: 2.0.0
    dev: true
    engines:
      node: '>=4'
    resolution:
      integrity: sha1-RdG35QbHF93UgndaK3eSCjwMV6c=
  /find-up/4.1.0:
    dependencies:
      locate-path: 5.0.0
      path-exists: 4.0.0
    dev: true
    engines:
      node: '>=8'
    resolution:
      integrity: sha512-PpOwAdQ/YlXQ2vj8a3h8IipDuYRi3wceVQQGYWxNINccq40Anw7BlsEXCMbt1Zt+OLA6Fq9suIpIWD0OsnISlw==
  /fission-sdk/0.8.1:
    dependencies:
      base58-universal: 1.0.0
      borc: 2.1.2
      get-ipfs: 1.2.0
      ipld-dag-pb: 0.18.5
      keystore-idb: 0.12.0
      localforage: 1.7.3
      make-error: 1.3.6
    dev: false
    engines:
      node: '>=6.0.0'
    resolution:
      integrity: sha512-50dty73xpmAf68Ow3m28ksKSPsFF4nL/tavYjbS5MyBn+itxiqZ3S+mNh48lZfRZgaCj6q2R5tH/iXR8TM10sA==
  /fs-extra/8.1.0:
    dependencies:
      graceful-fs: 4.2.4
      jsonfile: 4.0.0
      universalify: 0.1.2
    dev: true
    engines:
      node: '>=6 <7 || >=8'
    resolution:
      integrity: sha512-yhlQgA6mnOJUKOsRUFsgJdQCvkKhcz8tlZG5HBQfReYZy46OwLcY+Zia0mtdHsOo9y/hP+CxMN0TU9QxoOtG4g==
  /fs.realpath/1.0.0:
    dev: true
    resolution:
      integrity: sha1-FQStJSMVjKpA20onh8sBQRmU6k8=
  /get-ipfs/1.2.0:
    dev: false
    engines:
      node: '>=6.0.0'
    resolution:
      integrity: sha512-owHCiRbiwkp2x/Q1rSddo7Jv5t1p6oEEptEf++R8mCUY7xqFVjCVgOSpkLITXuLNaJuMM3aTuVPYGGWjSPqxkg==
  /glob-parent/5.1.1:
    dependencies:
      is-glob: 4.0.1
    dev: true
    engines:
      node: '>= 6'
    resolution:
      integrity: sha512-FnI+VGOpnlGHWZxthPGR+QhR78fuiK0sNLkHQv+bL9fQi57lNNdquIbna/WrfROrolq8GK5Ek6BiMwqL/voRYQ==
  /glob/7.1.6:
    dependencies:
      fs.realpath: 1.0.0
      inflight: 1.0.6
      inherits: 2.0.4
      minimatch: 3.0.4
      once: 1.4.0
      path-is-absolute: 1.0.1
    dev: true
    resolution:
      integrity: sha512-LwaxwyZ72Lk7vZINtNNrywX0ZuLyStrdDtabefZKAY5ZGJhVtgdznluResxNmPitE0SAO+O26sWTHeKSI2wMBA==
  /globby/11.0.1:
    dependencies:
      array-union: 2.1.0
      dir-glob: 3.0.1
      fast-glob: 3.2.2
      ignore: 5.1.8
      merge2: 1.4.1
      slash: 3.0.0
    dev: true
    engines:
      node: '>=10'
    resolution:
      integrity: sha512-iH9RmgwCmUJHi2z5o2l3eTtGBtXek1OYlHrbcxOYugyHLmAsZrPj43OtHThd62Buh/Vv6VyCBD2bdyWcGNQqoQ==
  /graceful-fs/4.2.4:
    dev: true
    resolution:
      integrity: sha512-WjKPNJF79dtJAVniUlGGWHYGz2jWxT6VhN/4m1NdkbZ2nOsEF+cI1Edgql5zCRhs/VsQYRvrXctxktVXZUkixw==
  /hard-rejection/2.1.0:
    dev: true
    engines:
      node: '>=6'
    resolution:
      integrity: sha512-VIZB+ibDhx7ObhAe7OVtoEbuP4h/MuOTHJ+J8h/eBXotJYl0fBgR72xDFCKgIh22OJZIOVNxBMWuhAr10r8HdA==
  /has-flag/3.0.0:
    dev: true
    engines:
      node: '>=4'
    resolution:
      integrity: sha1-tdRU3CGZriJWmfNGfloH87lVuv0=
  /has-flag/4.0.0:
    dev: true
    engines:
      node: '>=8'
    resolution:
      integrity: sha512-EykJT/Q1KjTWctppgIAgfSO0tKVuZUjhgMr17kqTumMl6Afv3EISleU7qZUzoXDFTAHTDC4NOoG/ZxU3EvlMPQ==
  /hosted-git-info/2.8.8:
    dev: true
    resolution:
      integrity: sha512-f/wzC2QaWBs7t9IYqB4T3sR1xviIViXJRJTWBlx2Gf3g0Xi5vI7Yy4koXQ1c9OYDGHN9sBy1DQ2AB8fqZBWhUg==
  /ieee754/1.1.13:
    dev: false
    resolution:
      integrity: sha512-4vf7I2LYV/HaWerSo3XmlMkp5eZ83i+/CDluXi/IGTs/O1sejBNhTtnxzmRZfvOUqj7lZjqHkeTvpgSFDlWZTg==
  /ignore/5.1.8:
    dev: true
    engines:
      node: '>= 4'
    resolution:
      integrity: sha512-BMpfD7PpiETpBl/A6S498BaIJ6Y/ABT93ETbby2fP00v4EbvPBXWEoaR1UBPKs3iR53pJY7EtZk5KACI57i1Uw==
  /immediate/3.0.6:
    dev: false
    resolution:
      integrity: sha1-nbHb0Pr43m++D13V5Wu2BigN5ps=
  /indent-string/4.0.0:
    dev: true
    engines:
      node: '>=8'
    resolution:
      integrity: sha512-EdDDZu4A2OyIK7Lr/2zG+w5jmbuk1DVBnEwREQvBzspBJkCEbRa8GxU1lghYcaGJCnRWibjDXlq779X1/y5xwg==
  /indexes-of/1.0.1:
    dev: true
    resolution:
      integrity: sha1-8w9xbI4r00bHtn0985FVZqfAVgc=
  /inflight/1.0.6:
    dependencies:
      once: 1.4.0
      wrappy: 1.0.2
    dev: true
    resolution:
      integrity: sha1-Sb1jMdfQLQwJvJEKEHW6gWW1bfk=
  /inherits/2.0.4:
    resolution:
      integrity: sha512-k/vGaX4/Yla3WzyMCvTQOXYeIHvqOKtnqBduzTHpzpQZzAskKMhZ2K+EnBiSM9zGSoIFeMpXKxa4dYeZIQqewQ==
  /ipld-dag-pb/0.18.5:
    dependencies:
      buffer: 5.6.0
      cids: 0.8.0
      class-is: 1.1.0
      multicodec: 1.0.1
      multihashing-async: 0.8.1
      protons: 1.2.0
      stable: 0.1.8
    dev: false
    engines:
      node: '>=6.0.0'
      npm: '>=3.0.0'
    resolution:
      integrity: sha512-8IAPZrkRjgTpkxV9JOwXSBe0GXNxd4B2lubPgbifTGL92rZOEKWutpijsWsWvjXOltDFHKMQIIIhkgLC5RPqbA==
  /is-arrayish/0.2.1:
    dev: true
    resolution:
      integrity: sha1-d8mYQFJ6qOyxqLppe4BkWnqSap0=
  /is-arrayish/0.3.2:
    dev: true
    resolution:
      integrity: sha512-eVRqCvVlZbuw3GrM63ovNSNAeA1K16kaR/LRY/92w0zxQ5/1YzwblUX652i4Xs9RwAGjW9d9y6X88t8OaAJfWQ==
  /is-extglob/2.1.1:
    dev: true
    engines:
      node: '>=0.10.0'
    resolution:
      integrity: sha1-qIwCU1eR8C7TfHahueqXc8gz+MI=
  /is-glob/4.0.1:
    dependencies:
      is-extglob: 2.1.1
    dev: true
    engines:
      node: '>=0.10.0'
    resolution:
      integrity: sha512-5G0tKtBTFImOqDnLB2hG6Bp2qcKEFduo4tZu9MT/H6NQv/ghhy30o55ufafxJ/LdH79LLs2Kfrn85TLKyA7BUg==
  /is-number/7.0.0:
    dev: true
    engines:
      node: '>=0.12.0'
    resolution:
      integrity: sha512-41Cifkg6e8TylSpdtTpeLVMqvSBEVzTttHvERD741+pnZ8ANv0004MRL43QKPDlK9cGvNp6NZWZUBlbGXYxxng==
  /is-plain-obj/1.1.0:
    dev: true
    engines:
      node: '>=0.10.0'
    resolution:
      integrity: sha1-caUMhCnfync8kqOQpKA7OfzVHT4=
  /iso-url/0.4.7:
    dev: false
    engines:
      node: '>=10'
    resolution:
      integrity: sha512-27fFRDnPAMnHGLq36bWTpKET+eiXct3ENlCcdcMdk+mjXrb2kw3mhBUg1B7ewAC0kVzlOPhADzQgz1SE6Tglog==
  /js-sha3/0.8.0:
    dev: false
    resolution:
      integrity: sha512-gF1cRrHhIzNfToc802P800N8PpXS+evLLXfsVpowqmAFR9uwbi89WvXg2QspOmXL8QL86J4T1EpFu+yUkwJY3Q==
  /js-tokens/4.0.0:
    dev: true
    resolution:
      integrity: sha512-RdJUflcE3cUzKiMqQgsCu06FPu9UdIJO0beYbPhHN4k6apgJtifcoCtT9bcxOpYBtpD2kCM6Sbzg4CausW/PKQ==
  /json-parse-better-errors/1.0.2:
    dev: true
    resolution:
      integrity: sha512-mrqyZKfX5EhL7hvqcV6WG1yYjnjeuYDzDhhcAAUrq8Po85NBQBJP+ZDUT75qZQ98IkUoBqdkExkukOU7Ts2wrw==
  /json-text-sequence/0.1.1:
    dependencies:
      delimit-stream: 0.1.0
    dev: false
    resolution:
      integrity: sha1-py8hfcSvxGKf/1/rME3BvVGi89I=
  /jsonfile/4.0.0:
    dev: true
    optionalDependencies:
      graceful-fs: 4.2.4
    resolution:
      integrity: sha1-h3Gq4HmbZAdrdmQPygWPnBDjPss=
  /keystore-idb/0.12.0:
    dependencies:
      localforage: 1.7.3
    dev: false
    engines:
      node: '>=6.0.0'
    resolution:
      integrity: sha512-3xfMYM1lCat92xBLGRf4HdG/wmegd8E4PgZAb0wCj8mLS3tG5QJyN3Ep1KnnALjwA+0qlRjDk1rG3SZzY1pLKA==
  /kind-of/6.0.3:
    dev: true
    engines:
      node: '>=0.10.0'
    resolution:
      integrity: sha512-dcS1ul+9tmeD95T+x28/ehLgd9mENa3LsvDTtzm3vyBEO7RPptvAD+t44WVXaUjTBRcrpFeFlC8WCruUR456hw==
  /lie/3.1.1:
    dependencies:
      immediate: 3.0.6
    dev: false
    resolution:
      integrity: sha1-mkNrLMd0bKWd56QfpGmz77dr2H4=
  /lines-and-columns/1.1.6:
    dev: true
    resolution:
      integrity: sha1-HADHQ7QzzQpOgHWPe2SldEDZ/wA=
  /localforage/1.7.3:
    dependencies:
      lie: 3.1.1
    dev: false
    resolution:
      integrity: sha512-1TulyYfc4udS7ECSBT2vwJksWbkwwTX8BzeUIiq8Y07Riy7bDAAnxDaPU/tWyOVmQAcWJIEIFP9lPfBGqVoPgQ==
  /locate-path/2.0.0:
    dependencies:
      p-locate: 2.0.0
      path-exists: 3.0.0
    dev: true
    engines:
      node: '>=4'
    resolution:
      integrity: sha1-K1aLJl7slExtnA3pw9u7ygNUzY4=
  /locate-path/5.0.0:
    dependencies:
      p-locate: 4.1.0
    dev: true
    engines:
      node: '>=8'
    resolution:
      integrity: sha512-t7hw9pI+WvuwNJXwk5zVHpyhIqzg2qTlklJOf0mVxGSbe3Fp2VieZcduNYjaLDoy6p9uGpQEGWG87WpMKlNq8g==
  /lodash.toarray/4.4.0:
    dev: true
    resolution:
      integrity: sha1-JMS/zWsvuji/0FlNsRedjptlZWE=
  /lodash/4.17.15:
    dev: true
    resolution:
      integrity: sha512-8xOcRHvCjnocdS5cpwXQXVzmmh5e5+saE2QGoeQmbKmRS6J3VQppPOIt0MnmE+4xlZoumy0GPG0D0MVIQbNA1A==
  /make-error/1.3.6:
    dev: false
    resolution:
      integrity: sha512-s8UhlNe7vPKomQhC1qFelMokr/Sc3AgNbso3n74mVPA5LTZwkB9NlXf4XPamLxJE8h0gh73rM94xvwRT2CVInw==
  /map-obj/1.0.1:
    dev: true
    engines:
      node: '>=0.10.0'
    resolution:
      integrity: sha1-2TPOuSBdgr3PSIb2dCvcK03qFG0=
  /map-obj/4.1.0:
    dev: true
    engines:
      node: '>=8'
    resolution:
      integrity: sha512-glc9y00wgtwcDmp7GaE/0b0OnxpNJsVf3ael/An6Fe2Q51LLwN1er6sdomLRzz5h0+yMpiYLhWYF5R7HeqVd4g==
  /mdn-data/2.0.6:
    dev: true
    resolution:
      integrity: sha512-rQvjv71olwNHgiTbfPZFkJtjNMciWgswYeciZhtvWLO8bmX3TnhyA62I6sTWOyZssWHJJjY6/KiWwqQsWWsqOA==
  /meow/6.1.1:
    dependencies:
      '@types/minimist': 1.2.0
      camelcase-keys: 6.2.2
      decamelize-keys: 1.1.0
      hard-rejection: 2.1.0
      minimist-options: 4.1.0
      normalize-package-data: 2.5.0
      read-pkg-up: 7.0.1
      redent: 3.0.0
      trim-newlines: 3.0.0
      type-fest: 0.13.1
      yargs-parser: 18.1.3
    dev: true
    engines:
      node: '>=8'
    resolution:
      integrity: sha512-3YffViIt2QWgTy6Pale5QpopX/IvU3LPL03jOTqp6pGj3VjesdO/U8CuHMKpnQr4shCNCM5fd5XFFvIIl6JBHg==
  /meow/7.0.1:
    dependencies:
      '@types/minimist': 1.2.0
      arrify: 2.0.1
      camelcase: 6.0.0
      camelcase-keys: 6.2.2
      decamelize-keys: 1.1.0
      hard-rejection: 2.1.0
      minimist-options: 4.0.2
      normalize-package-data: 2.5.0
      read-pkg-up: 7.0.1
      redent: 3.0.0
      trim-newlines: 3.0.0
      type-fest: 0.13.1
      yargs-parser: 18.1.3
    dev: true
    engines:
      node: '>=10'
    resolution:
      integrity: sha512-tBKIQqVrAHqwit0vfuFPY3LlzJYkEOFyKa3bPgxzNl6q/RtN8KQ+ALYEASYuFayzSAsjlhXj/JZ10rH85Q6TUw==
  /merge2/1.4.1:
    dev: true
    engines:
      node: '>= 8'
    resolution:
      integrity: sha512-8q7VEgMJW4J8tcfVPy8g09NcQwZdbwFEqhe/WZkoIzjn/3TGDwtOCYtXGxA3O8tPzpczCCDgv+P2P5y00ZJOOg==
  /micromatch/4.0.2:
    dependencies:
      braces: 3.0.2
      picomatch: 2.2.2
    dev: true
    engines:
      node: '>=8'
    resolution:
      integrity: sha512-y7FpHSbMUMoyPbYUSzO6PaZ6FyRnQOpHuKwbo1G+Knck95XVU4QAiKdGEnj5wwoS7PlOgthX/09u5iFJ+aYf5Q==
  /min-indent/1.0.1:
    dev: true
    engines:
      node: '>=4'
    resolution:
      integrity: sha512-I9jwMn07Sy/IwOj3zVkVik2JTvgpaykDZEigL6Rx6N9LbMywwUSMtxET+7lVoDLLd3O3IXwJwvuuns8UB/HeAg==
  /minimatch/3.0.4:
    dependencies:
      brace-expansion: 1.1.11
    dev: true
    resolution:
      integrity: sha512-yJHVQEhyqPLUTgt9B83PXu6W3rx4MvvHvSUvToogpwoGDOUQ+yDrR0HRot+yOCdCO7u4hX3pWft6kWBBcqh0UA==
  /minimist-options/4.0.2:
    dependencies:
      arrify: 1.0.1
      is-plain-obj: 1.1.0
    dev: true
    engines:
      node: '>= 6'
    resolution:
      integrity: sha512-seq4hpWkYSUh1y7NXxzucwAN9yVlBc3Upgdjz8vLCP97jG8kaOmzYrVH/m7tQ1NYD1wdtZbSLfdy4zFmRWuc/w==
  /minimist-options/4.1.0:
    dependencies:
      arrify: 1.0.1
      is-plain-obj: 1.1.0
      kind-of: 6.0.3
    dev: true
    engines:
      node: '>= 6'
    resolution:
      integrity: sha512-Q4r8ghd80yhO/0j1O3B2BjweX3fiHg9cdOwjJd2J76Q135c+NDxGCqdYKQ1SKBuFfgWbAUzBfvYjPUEeNgqN1A==
  /minimist/1.2.5:
    dev: true
    resolution:
      integrity: sha512-FM9nNUYrRBAELZQT3xeZQ7fmMOBg6nWNmJKTcgsJeaLstP/UODVpGsr5OhXhhXg6f+qtJ8uiZ+PUxkDWcgIXLw==
  /mkdirp/0.5.5:
    dependencies:
      minimist: 1.2.5
    dev: true
    hasBin: true
    resolution:
      integrity: sha512-NKmAlESf6jMGym1++R0Ra7wvhV+wFW63FaSOFPwRahvea0gMUcGUhVeAg/0BC0wiv9ih5NYPB1Wn1UEI1/L+xQ==
  /multibase/0.7.0:
    dependencies:
      base-x: 3.0.8
      buffer: 5.6.0
    dev: false
    resolution:
      integrity: sha512-TW8q03O0f6PNFTQDvh3xxH03c8CjGaaYrjkl9UQPG6rz53TQzzxJVCIWVjzcbN/Q5Y53Zd0IBQBMVktVgNx4Fg==
  /multicodec/1.0.1:
    dependencies:
      buffer: 5.6.0
      varint: 5.0.0
    dev: false
    resolution:
      integrity: sha512-yrrU/K8zHyAH2B0slNVeq3AiwluflHpgQ3TAzwNJcuO2AoPyXgBT2EDkdbP1D8B/yFOY+S2hDYmFlI1vhVFkQw==
  /multihashes/0.4.19:
    dependencies:
      buffer: 5.6.0
      multibase: 0.7.0
      varint: 5.0.0
    dev: false
    resolution:
      integrity: sha512-ej74GAfA20imjj00RO5h34aY3pGUFyzn9FJZFWwdeUHlHTkKmv90FrNpvYT4jYf1XXCy5O/5EjVnxTaESgOM6A==
  /multihashing-async/0.8.1:
    dependencies:
      blakejs: 1.1.0
      buffer: 5.6.0
      err-code: 2.0.0
      js-sha3: 0.8.0
      multihashes: 0.4.19
      murmurhash3js-revisited: 3.0.0
    dev: false
    engines:
      node: '>=10.0.0'
      npm: '>=6.0.0'
    resolution:
      integrity: sha512-qu3eIXHebc9a4OU4n/60BdZLFpX+/dGBs3DbzXCxX1aU0rFF19KQAiGl+sRL9wvKIJdeF2+w16RRJrpyTHpkkA==
  /murmurhash3js-revisited/3.0.0:
    dev: false
    engines:
      node: '>=8.0.0'
    resolution:
      integrity: sha512-/sF3ee6zvScXMb1XFJ8gDsSnY+X8PbOyjIuBhtgis10W2Jx4ZjIhikUCIF9c4gpJxVnQIsPAFrSwTCuAjicP6g==
  /node-emoji/1.10.0:
    dependencies:
      lodash.toarray: 4.4.0
    dev: true
    resolution:
      integrity: sha512-Yt3384If5H6BYGVHiHwTL+99OzJKHhgp82S8/dktEK73T26BazdgZ4JZh92xSVtGNJvz9UbXdNAc5hcrXV42vw==
  /node-releases/1.1.55:
    dev: true
    resolution:
      integrity: sha512-H3R3YR/8TjT5WPin/wOoHOUPHgvj8leuU/Keta/rwelEQN9pA/S2Dx8/se4pZ2LBxSd0nAGzsNzhqwa77v7F1w==
  /normalize-package-data/2.5.0:
    dependencies:
      hosted-git-info: 2.8.8
      resolve: 1.17.0
      semver: 5.7.1
      validate-npm-package-license: 3.0.4
    dev: true
    resolution:
      integrity: sha512-/5CMN3T0R4XTj4DcGaexo+roZSdSFW/0AOOTROrjxzCG1wrWXEsGbRKevjlIL+ZDE4sZlJr5ED4YW0yqmkK+eA==
  /normalize-range/0.1.2:
    dev: true
    engines:
      node: '>=0.10.0'
    resolution:
      integrity: sha1-LRDAa9/TEuqXd2laTShDlFa3WUI=
  /normalize.css/8.0.1:
    dev: true
    resolution:
      integrity: sha512-qizSNPO93t1YUuUhP22btGOo3chcvDFqFaj2TRybP0DMxkHOCTYwp3n34fel4a31ORXy4m1Xq0Gyqpb5m33qIg==
  /num2fraction/1.2.2:
    dev: true
    resolution:
      integrity: sha1-b2gragJ6Tp3fpFZM0lidHU5mnt4=
  /object-assign/4.1.1:
    dev: true
    engines:
      node: '>=0.10.0'
    resolution:
      integrity: sha1-IQmtx5ZYh8/AXLvUQsrIv7s2CGM=
  /once/1.4.0:
    dependencies:
      wrappy: 1.0.2
    dev: true
    resolution:
      integrity: sha1-WDsap3WWHUsROsF9nFC6753Xa9E=
  /p-limit/1.3.0:
    dependencies:
      p-try: 1.0.0
    dev: true
    engines:
      node: '>=4'
    resolution:
      integrity: sha512-vvcXsLAJ9Dr5rQOPk7toZQZJApBl2K4J6dANSsEuh6QI41JYcsS/qhTGa9ErIUUgK3WNQoJYvylxvjqmiqEA9Q==
  /p-limit/2.3.0:
    dependencies:
      p-try: 2.2.0
    dev: true
    engines:
      node: '>=6'
    resolution:
      integrity: sha512-//88mFWSJx8lxCzwdAABTJL2MyWB12+eIY7MDL2SqLmAkeKU9qxRvWuSyTjm3FUmpBEMuFfckAIqEaVGUDxb6w==
  /p-locate/2.0.0:
    dependencies:
      p-limit: 1.3.0
    dev: true
    engines:
      node: '>=4'
    resolution:
      integrity: sha1-IKAQOyIqcMj9OcwuWAaA893l7EM=
  /p-locate/4.1.0:
    dependencies:
      p-limit: 2.3.0
    dev: true
    engines:
      node: '>=8'
    resolution:
      integrity: sha512-R79ZZ/0wAxKGu3oYMlz8jy/kbhsNrS7SKZ7PxEHBgJ5+F2mtFW2fK2cOtBh1cHYkQsbzFV7I+EoRKe6Yt0oK7A==
  /p-try/1.0.0:
    dev: true
    engines:
      node: '>=4'
    resolution:
      integrity: sha1-y8ec26+P1CKOE/Yh8rGiN8GyB7M=
  /p-try/2.2.0:
    dev: true
    engines:
      node: '>=6'
    resolution:
      integrity: sha512-R4nPAVTAU0B9D35/Gk3uJf/7XYbQcyohSKdvAxIRSNghFl4e71hVoGnBNQz9cWaXxO2I10KTC+3jMdvvoKw6dQ==
  /parse-json/5.0.0:
    dependencies:
      '@babel/code-frame': 7.10.1
      error-ex: 1.3.2
      json-parse-better-errors: 1.0.2
      lines-and-columns: 1.1.6
    dev: true
    engines:
      node: '>=8'
    resolution:
      integrity: sha512-OOY5b7PAEFV0E2Fir1KOkxchnZNCdowAJgQ5NuxjpBKTRP3pQhwkrkxqQjeoKJ+fO7bCpmIZaogI4eZGDMEGOw==
  /path-exists/3.0.0:
    dev: true
    engines:
      node: '>=4'
    resolution:
      integrity: sha1-zg6+ql94yxiSXqfYENe1mwEP1RU=
  /path-exists/4.0.0:
    dev: true
    engines:
      node: '>=8'
    resolution:
      integrity: sha512-ak9Qy5Q7jYb2Wwcey5Fpvg2KoAc/ZIhLSLOSBmRmygPsGwkVVt0fZa0qrtMz+m6tJTAHfZQ8FnmB4MG4LWy7/w==
  /path-is-absolute/1.0.1:
    dev: true
    engines:
      node: '>=0.10.0'
    resolution:
      integrity: sha1-F0uSaHNVNP+8es5r9TpanhtcX18=
  /path-parse/1.0.6:
    dev: true
    resolution:
      integrity: sha512-GSmOT2EbHrINBf9SR7CDELwlJ8AENk3Qn7OikK4nFYAu3Ote2+JYNVvkpAEQm3/TLNEJFD/xZJjzyxg3KBWOzw==
  /path-type/4.0.0:
    dev: true
    engines:
      node: '>=8'
    resolution:
      integrity: sha512-gDKb8aZMDeD/tZWs9P6+q0J9Mwkdl6xMV8TjnGP3qJVJ06bdMgkbBlLU8IdfOsIsFz2BW1rNVT3XuNEl8zPAvw==
  /picomatch/2.2.2:
    dev: true
    engines:
      node: '>=8.6'
    resolution:
      integrity: sha512-q0M/9eZHzmr0AulXyPwNfZjtwZ/RBZlbN3K3CErVrk50T2ASYI7Bye0EvekFY3IP1Nt2DHu0re+V2ZHIpMkuWg==
  /pkg-up/2.0.0:
    dependencies:
      find-up: 2.1.0
    dev: true
    engines:
      node: '>=4'
    resolution:
      integrity: sha1-yBmscoBZpGHKscOImivjxJoATX8=
  /postcss-csso/4.0.0_postcss@7.0.30:
    dependencies:
      csso: 4.0.3
      postcss: 7.0.30
    dev: true
    engines:
      node: '>=8.0.0'
    peerDependencies:
      postcss: '>=6.0.0 <8.0.0'
    resolution:
      integrity: sha512-Yh9Ug0w3+T/LZIh1vGJQY8+hE13yFRHpINoAmgOhvu9lBmG1jyHkAprGHEHlGjWODJzB4DCNBVBb6Cs0QEoglQ==
  /postcss-elm-tailwind/0.9.0:
    dependencies:
      postcss: 7.0.30
    dev: true
    engines:
      node: '>=10.0.0'
    resolution:
      integrity: sha512-C4f/ovvgKR92+GZoV/CCGQVaeaiRsFDUoFo98f9slVXitdHt6dmxOQQSYjUoeWgnitWDA0VWiMxXvo4jkgMdjA==
  /postcss-functions/3.0.0:
    dependencies:
      glob: 7.1.6
      object-assign: 4.1.1
      postcss: 6.0.23
      postcss-value-parser: 3.3.1
    dev: true
    resolution:
      integrity: sha1-DpTQFERwCkgd4g3k1V+yZAVkJQ4=
  /postcss-js/2.0.3:
    dependencies:
      camelcase-css: 2.0.1
      postcss: 7.0.30
    dev: true
    resolution:
      integrity: sha512-zS59pAk3deu6dVHyrGqmC3oDXBdNdajk4k1RyxeVXCrcEDBUBHoIhE4QTsmhxgzXxsaqFDAkUZfmMa5f/N/79w==
  /postcss-nested/4.2.1:
    dependencies:
      postcss: 7.0.30
      postcss-selector-parser: 6.0.2
    dev: true
    resolution:
      integrity: sha512-AMayXX8tS0HCp4O4lolp4ygj9wBn32DJWXvG6gCv+ZvJrEa00GUxJcJEEzMh87BIe6FrWdYkpR2cuyqHKrxmXw==
  /postcss-selector-parser/6.0.2:
    dependencies:
      cssesc: 3.0.0
      indexes-of: 1.0.1
      uniq: 1.0.1
    dev: true
    engines:
      node: '>=4'
    resolution:
      integrity: sha512-36P2QR59jDTOAiIkqEprfJDsoNrvwFei3eCqKd1Y0tUsBimsq39BLp7RD+JWny3WgB1zGhJX8XVePwm9k4wdBg==
  /postcss-value-parser/3.3.1:
    dev: true
    resolution:
      integrity: sha512-pISE66AbVkp4fDQ7VHBwRNXzAAKJjw4Vw7nWI/+Q3vuly7SNfgYXvm6i5IgFylHGK5sP/xHAbB7N49OS4gWNyQ==
  /postcss-value-parser/4.1.0:
    dev: true
    resolution:
      integrity: sha512-97DXOFbQJhk71ne5/Mt6cOu6yxsSfM0QGQyl0L25Gca4yGWEGJaig7l7gbCX623VqTBNGLRLaVUCnNkcedlRSQ==
  /postcss/6.0.23:
    dependencies:
      chalk: 2.4.2
      source-map: 0.6.1
      supports-color: 5.5.0
    dev: true
    engines:
      node: '>=4.0.0'
    resolution:
      integrity: sha512-soOk1h6J3VMTZtVeVpv15/Hpdl2cBLX3CAw4TAbkpTJiNPk9YP/zWcD1ND+xEtvyuuvKzbxliTOIyvkSeSJ6ag==
  /postcss/7.0.28:
    dependencies:
      chalk: 2.4.2
      source-map: 0.6.1
      supports-color: 6.1.0
    dev: true
    engines:
      node: '>=6.0.0'
    resolution:
      integrity: sha512-YU6nVhyWIsVtlNlnAj1fHTsUKW5qxm3KEgzq2Jj6KTEFOTK8QWR12eIDvrlWhiSTK8WIBFTBhOJV4DY6dUuEbw==
  /postcss/7.0.30:
    dependencies:
      chalk: 2.4.2
      source-map: 0.6.1
      supports-color: 6.1.0
    dev: true
    engines:
      node: '>=6.0.0'
    resolution:
      integrity: sha512-nu/0m+NtIzoubO+xdAlwZl/u5S5vi/y6BCsoL8D+8IxsD3XvBS8X4YEADNIVXKVuQvduiucnRv+vPIqj56EGMQ==
  /pretty-hrtime/1.0.3:
    dev: true
    engines:
      node: '>= 0.8'
    resolution:
      integrity: sha1-t+PqQkNaTJsnWdmeDyAesZWALuE=
  /protocol-buffers-schema/3.4.0:
    dev: false
    resolution:
      integrity: sha512-G/2kcamPF2S49W5yaMGdIpkG6+5wZF0fzBteLKgEHjbNzqjZQ85aAs1iJGto31EJaSTkNvHs5IXuHSaTLWBAiA==
  /protons/1.2.0:
    dependencies:
      buffer: 5.6.0
      protocol-buffers-schema: 3.4.0
      signed-varint: 2.0.1
      varint: 5.0.0
    dev: false
    resolution:
      integrity: sha512-V6wwlbbgZ6qtqd1zRSk7HqvwkoadmeNntUlqd1On9vHyC1tPI6H8GJotfup+9hG2FsDQK+MctaLrSouyunfxNg==
  /purgecss/2.2.1:
    dependencies:
      commander: 5.1.0
      glob: 7.1.6
      postcss: 7.0.28
      postcss-selector-parser: 6.0.2
    dev: true
    hasBin: true
    resolution:
      integrity: sha512-wngRSLW1dpNr8kr3TL9nTJMyTFI5BiRiaUUEys5M1CA4zEHLF25fRHoshEeDqmhstaNTOddmpYM34zRrUtEGbQ==
  /quick-lru/4.0.1:
    dev: true
    engines:
      node: '>=8'
    resolution:
      integrity: sha512-ARhCpm70fzdcvNQfPoy49IaanKkTlRWF2JMzqhcJbhSFRZv7nPTvZJdcY7301IPmvW+/p0RgIWnQDLJxifsQ7g==
  /read-pkg-up/7.0.1:
    dependencies:
      find-up: 4.1.0
      read-pkg: 5.2.0
      type-fest: 0.8.1
    dev: true
    engines:
      node: '>=8'
    resolution:
      integrity: sha512-zK0TB7Xd6JpCLmlLmufqykGE+/TlOePD6qKClNW7hHDKFh/J7/7gCWGR7joEQEW1bKq3a3yUZSObOoWLFQ4ohg==
  /read-pkg/5.2.0:
    dependencies:
      '@types/normalize-package-data': 2.4.0
      normalize-package-data: 2.5.0
      parse-json: 5.0.0
      type-fest: 0.6.0
    dev: true
    engines:
      node: '>=8'
    resolution:
      integrity: sha512-Ug69mNOpfvKDAc2Q8DRpMjjzdtrnv9HcSMX+4VsZxD1aZ6ZzrIE7rlzXBtWTyhULSMKg076AW6WR5iZpD0JiOg==
  /readable-stream/3.6.0:
    dependencies:
      inherits: 2.0.4
      string_decoder: 1.3.0
      util-deprecate: 1.0.2
    dev: false
    engines:
      node: '>= 6'
    resolution:
      integrity: sha512-BViHy7LKeTz4oNnkcLJ+lVSL6vpiFeX6/d3oSH8zCW7UxP2onchk+vTGB143xuFjHS3deTgkKoXXymXqymiIdA==
  /redent/3.0.0:
    dependencies:
      indent-string: 4.0.0
      strip-indent: 3.0.0
    dev: true
    engines:
      node: '>=8'
    resolution:
      integrity: sha512-6tDA8g98We0zd0GvVeMT9arEOnTw9qM03L9cJXaCjrip1OO764RDBLBfrB4cwzNGDj5OA5ioymC9GkizgWJDUg==
  /reduce-css-calc/2.1.7:
    dependencies:
      css-unit-converter: 1.1.1
      postcss-value-parser: 3.3.1
    dev: true
    resolution:
      integrity: sha512-fDnlZ+AybAS3C7Q9xDq5y8A2z+lT63zLbynew/lur/IR24OQF5x98tfNwf79mzEdfywZ0a2wpM860FhFfMxZlA==
  /resolve/1.17.0:
    dependencies:
      path-parse: 1.0.6
    dev: true
    resolution:
      integrity: sha512-ic+7JYiV8Vi2yzQGFWOkiZD5Z9z7O2Zhm9XMaTxdJExKasieFCr+yXZ/WmXsckHiKl12ar0y6XiXDx3m4RHn1w==
  /reusify/1.0.4:
    dev: true
    engines:
      iojs: '>=1.0.0'
      node: '>=0.10.0'
    resolution:
      integrity: sha512-U9nH88a3fc/ekCF1l0/UP1IosiuIjyTh7hBvXVMHYgVcfGvt897Xguj2UOLDeI5BG2m7/uwyaLVT6fbtCwTyzw==
  /run-parallel/1.1.9:
    dev: true
    resolution:
      integrity: sha512-DEqnSRTDw/Tc3FXf49zedI638Z9onwUotBMiUFKmrO2sdFKIbXamXGQ3Axd4qgphxKB4kw/qP1w5kTxnfU1B9Q==
  /safe-buffer/5.2.1:
    dev: false
    resolution:
      integrity: sha512-rp3So07KcdmmKbGvgaNxQSJr7bGVSVk5S9Eq1F+ppbRo70+YeaDxkw5Dd8NPN+GD6bjnYm2VuPuCXmpuYvmCXQ==
  /semver/5.7.1:
    dev: true
    hasBin: true
    resolution:
      integrity: sha512-sauaDf/PZdVgrLTNYHRtpXa1iRiKcaebiKQ1BJdpQlWH2lCvexQdX55snPFyK7QzpudqbCI0qXFfOasHdyNDGQ==
  /signed-varint/2.0.1:
    dependencies:
      varint: 5.0.0
    dev: false
    resolution:
      integrity: sha1-UKmYnafJjCxh2tEZvJdHDvhSgSk=
  /simple-swizzle/0.2.2:
    dependencies:
      is-arrayish: 0.3.2
    dev: true
    resolution:
      integrity: sha1-pNprY1/8zMoz9w0Xy5JZLeleVXo=
  /slash/3.0.0:
    dev: true
    engines:
      node: '>=8'
    resolution:
      integrity: sha512-g9Q1haeby36OSStwb4ntCGGGaKsaVSjQ68fBxoQcutl5fS1vuY18H3wSt3jFyFtrkx+Kz0V1G85A4MyAdDMi2Q==
  /source-map-support/0.5.19:
    dependencies:
      buffer-from: 1.1.1
      source-map: 0.6.1
    dev: true
    resolution:
      integrity: sha512-Wonm7zOCIJzBGQdB+thsPar0kYuCIzYvxZwlBa87yi/Mdjv7Tip2cyVbLj5o0cFPN4EVkuTwb3GDDyUx2DGnGw==
  /source-map/0.6.1:
    dev: true
    engines:
      node: '>=0.10.0'
    resolution:
      integrity: sha512-UjgapumWlbMhkBgzT7Ykc5YXUT46F0iKu8SGXq0bcwP5dz/h0Plj6enJqjz1Zbq2l5WaqYnrVbwWOWMyF3F47g==
  /spdx-correct/3.1.1:
    dependencies:
      spdx-expression-parse: 3.0.1
      spdx-license-ids: 3.0.5
    dev: true
    resolution:
      integrity: sha512-cOYcUWwhCuHCXi49RhFRCyJEK3iPj1Ziz9DpViV3tbZOwXD49QzIN3MpOLJNxh2qwq2lJJZaKMVw9qNi4jTC0w==
  /spdx-exceptions/2.3.0:
    dev: true
    resolution:
      integrity: sha512-/tTrYOC7PPI1nUAgx34hUpqXuyJG+DTHJTnIULG4rDygi4xu/tfgmq1e1cIRwRzwZgo4NLySi+ricLkZkw4i5A==
  /spdx-expression-parse/3.0.1:
    dependencies:
      spdx-exceptions: 2.3.0
      spdx-license-ids: 3.0.5
    dev: true
    resolution:
      integrity: sha512-cbqHunsQWnJNE6KhVSMsMeH5H/L9EpymbzqTQ3uLwNCLZ1Q481oWaofqH7nO6V07xlXwY6PhQdQ2IedWx/ZK4Q==
  /spdx-license-ids/3.0.5:
    dev: true
    resolution:
      integrity: sha512-J+FWzZoynJEXGphVIS+XEh3kFSjZX/1i9gFBaWQcB+/tmpe2qUsSBABpcxqxnAxFdiUFEgAX1bjYGQvIZmoz9Q==
  /stable/0.1.8:
    dev: false
    resolution:
      integrity: sha512-ji9qxRnOVfcuLDySj9qzhGSEFVobyt1kIOSkj1qZzYLzq7Tos/oUUWvotUPQLlrsidqsK6tBH89Bc9kL5zHA6w==
  /string_decoder/1.3.0:
    dependencies:
      safe-buffer: 5.2.1
    dev: false
    resolution:
      integrity: sha512-hkRX8U1WjJFd8LsDJ2yQ/wWWxaopEsABU1XfkM8A+j0+85JAGppt16cr1Whg6KIbb4okU6Mql6BOj+uup/wKeA==
  /strip-indent/3.0.0:
    dependencies:
      min-indent: 1.0.1
    dev: true
    engines:
      node: '>=8'
    resolution:
      integrity: sha512-laJTa3Jb+VQpaC6DseHhF7dXVqHTfJPCRDaEbid/drOhgitgYku/letMUqOXFoWV0zIIUbjpdH2t+tYj4bQMRQ==
  /supports-color/5.5.0:
    dependencies:
      has-flag: 3.0.0
    dev: true
    engines:
      node: '>=4'
    resolution:
      integrity: sha512-QjVjwdXIt408MIiAqCX4oUKsgU2EqAGzs2Ppkm4aQYbjm+ZEWEcW4SfFNTr4uMNZma0ey4f5lgLrkB0aX0QMow==
  /supports-color/6.1.0:
    dependencies:
      has-flag: 3.0.0
    dev: true
    engines:
      node: '>=6'
    resolution:
      integrity: sha512-qe1jfm1Mg7Nq/NSh6XE24gPXROEVsWHxC1LIx//XNlD9iw7YZQGjZNjYN7xGaEG6iKdA8EtNFW6R0gjnVXp+wQ==
  /supports-color/7.1.0:
    dependencies:
      has-flag: 4.0.0
    dev: true
    engines:
      node: '>=8'
    resolution:
      integrity: sha512-oRSIpR8pxT1Wr2FquTNnGet79b3BWljqOuoW/h4oBhxJ/HUbX5nX6JSruTkvXDCFMwDPvsaTTbvMLKZWSy0R5g==
  /tailwindcss-animations/2.0.0:
    dependencies:
      lodash: 4.17.15
    dev: true
    resolution:
      integrity: sha512-YLdhPiQeDtpnqWd0J70rvy08MDbsq+BBLrzMmPR1Pe6MJDFYDuk4CYGI14GVgj7xRBGkByzp/rAfBcUWD7zpng==
  /tailwindcss/1.4.6:
    dependencies:
      '@fullhuman/postcss-purgecss': 2.2.0
      autoprefixer: 9.7.6
      browserslist: 4.12.0
      bytes: 3.1.0
      chalk: 4.0.0
      color: 3.1.2
      detective: 5.2.0
      fs-extra: 8.1.0
      lodash: 4.17.15
      node-emoji: 1.10.0
      normalize.css: 8.0.1
      postcss: 7.0.30
      postcss-functions: 3.0.0
      postcss-js: 2.0.3
      postcss-nested: 4.2.1
      postcss-selector-parser: 6.0.2
      pretty-hrtime: 1.0.3
      reduce-css-calc: 2.1.7
      resolve: 1.17.0
    dev: true
    engines:
      node: '>=8.9.0'
    hasBin: true
    resolution:
      integrity: sha512-qV0qInUq1FWih39Bc5CWECdgObSzRrbjGD4ke4kAPSIq6WXrPhv0wwOcUWJgJ66ltT9j+XnSRYikG8WNRU/fTQ==
  /terser-dir/1.0.7:
    dependencies:
      extend: 3.0.2
      globby: 11.0.1
      graceful-fs: 4.2.4
      meow: 6.1.1
      mkdirp: 0.5.5
      terser: 4.7.0
    dev: true
    hasBin: true
    resolution:
      integrity: sha512-vv50DitCVWxFtO15pgQlT8a2tfhFAHikJ2bkq6dAjyNYvaq9PDTtojVvQ6bwg5TNK66JSc02nBdC1axK6gaj8A==
  /terser/4.7.0:
    dependencies:
      commander: 2.20.3
      source-map: 0.6.1
      source-map-support: 0.5.19
    dev: true
    engines:
      node: '>=6.0.0'
    hasBin: true
    resolution:
      integrity: sha512-Lfb0RiZcjRDXCC3OSHJpEkxJ9Qeqs6mp2v4jf2MHfy8vGERmVDuvjXdd/EnP5Deme5F2yBRBymKmKHCBg2echw==
  /to-regex-range/5.0.1:
    dependencies:
      is-number: 7.0.0
    dev: true
    engines:
      node: '>=8.0'
    resolution:
      integrity: sha512-65P7iz6X5yEr1cwcgvQxbbIw7Uk3gOy5dIdtZ4rDveLqhrdJP+Li/Hx6tyK0NEb+2GCyneCMJiGqrADCSNk8sQ==
  /trim-newlines/3.0.0:
    dev: true
    engines:
      node: '>=8'
    resolution:
      integrity: sha512-C4+gOpvmxaSMKuEf9Qc134F1ZuOHVXKRbtEflf4NTtuuJDEIJ9p5PXsalL8SkeRw+qit1Mo+yuvMPAKwWg/1hA==
  /type-fest/0.13.1:
    dev: true
    engines:
      node: '>=10'
    resolution:
      integrity: sha512-34R7HTnG0XIJcBSn5XhDd7nNFPRcXYRZrBB2O2jdKqYODldSzBAqzsWoZYYvduky73toYS/ESqxPvkDf/F0XMg==
  /type-fest/0.6.0:
    dev: true
    engines:
      node: '>=8'
    resolution:
      integrity: sha512-q+MB8nYR1KDLrgr4G5yemftpMC7/QLqVndBmEEdqzmNj5dcFOO4Oo8qlwZE3ULT3+Zim1F8Kq4cBnikNhlCMlg==
  /type-fest/0.8.1:
    dev: true
    engines:
      node: '>=8'
    resolution:
      integrity: sha512-4dbzIzqvjtgiM5rw1k5rEHtBANKmdudhGyBEajN01fEyhaAIhsoKNy6y7+IN93IfpFtwY9iqi7kD+xwKhQsNJA==
  /uniq/1.0.1:
    dev: true
    resolution:
      integrity: sha1-sxxa6CVIRKOoKBVBzisEuGWnNP8=
  /universalify/0.1.2:
    dev: true
    engines:
      node: '>= 4.0.0'
    resolution:
      integrity: sha512-rBJeI5CXAlmy1pV+617WB9J63U6XcazHHF2f2dbJix4XzpUF0RS3Zbj0FGIOCAva5P/d/GBOYaACQ1w+0azUkg==
  /util-deprecate/1.0.2:
    dev: false
    resolution:
      integrity: sha1-RQ1Nyfpw3nMnYvvS1KKJgUGaDM8=
  /validate-npm-package-license/3.0.4:
    dependencies:
      spdx-correct: 3.1.1
      spdx-expression-parse: 3.0.1
    dev: true
    resolution:
      integrity: sha512-DpKm2Ui/xN7/HQKCtpZxoRWBhZ9Z0kqtygG8XCgNQ8ZlDnxuQmWhj566j8fN4Cu3/JmbhsDo7fcAJq4s9h27Ew==
  /varint/5.0.0:
    dev: false
    resolution:
      integrity: sha1-2Ca4n3SQcy+rwMDtaT7Uddyynr8=
  /wrappy/1.0.2:
    dev: true
    resolution:
      integrity: sha1-tSQ9jz7BqjXxNkYFvA0QNuMKtp8=
  /xtend/4.0.2:
    dev: true
    engines:
      node: '>=0.4'
    resolution:
      integrity: sha512-LKYU1iAXJXUgAXn9URjiu+MWhyUXHsvfp7mcuYm9dSUKK0/CjtrUwFAxD82/mCWbtLsGjFIad0wIsod4zrTAEQ==
  /yargs-parser/18.1.3:
    dependencies:
      camelcase: 5.3.1
      decamelize: 1.2.0
    dev: true
    engines:
      node: '>=6'
    resolution:
      integrity: sha512-o50j0JeToy/4K6OZcaQmW6lyXXKhq7csREXcDwk2omFPJEwUNOVtJKvmDr9EI1fAJZUyZcRF7kxGBWmRXudrCQ==
  github.com/fission-suite/kit/6a20e9af963dd000903b1c6e64f9fbb2102ba472:
    dev: false
    name: fission-kit
    resolution:
      registry: 'https://registry.npmjs.org/'
      tarball: 'https://codeload.github.com/fission-suite/kit/tar.gz/6a20e9af963dd000903b1c6e64f9fbb2102ba472'
    version: 0.2.0
specifiers:
  elm-tailwind-css: ^0.1.1
  fission-kit: 'fission-suite/kit#6a20e9af963dd000903b1c6e64f9fbb2102ba472'
  fission-sdk: 0.8.1
  tailwindcss: ^1.4.6
  tailwindcss-animations: ^2.0.0
  terser-dir: ^1.0.7
